
Microsoft Visual Studio Solution File, Format Version 12.00
# Visual Studio Version 17
VisualStudioVersion = 17.14.36603.0
MinimumVisualStudioVersion = 10.0.40219.1
Project("{FAE04EC0-301F-11D3-BF4B-00C04F79EFBC}") = "ICP", "ICP\ICP.csproj", "{604C06F9-0125-43F0-948B-AB1656994237}"
EndProject
Project("{FAE04EC0-301F-11D3-BF4B-00C04F79EFBC}") = "ICP.Test", "ICP.Test\ICP.Test.csproj", "{56A10505-163A-4DC0-BE25-D3BF5AFE3DCB}"
EndProject
Global
	GlobalSection(SolutionConfigurationPlatforms) = preSolution
		Debug|Any CPU = Debug|Any CPU
		Release|Any CPU = Release|Any CPU
	EndGlobalSection
	GlobalSection(ProjectConfigurationPlatforms) = postSolution
		{604C06F9-0125-43F0-948B-AB1656994237}.Debug|Any CPU.ActiveCfg = Debug|Any CPU
		{604C06F9-0125-43F0-948B-AB1656994237}.Debug|Any CPU.Build.0 = Debug|Any CPU
		{604C06F9-0125-43F0-948B-AB1656994237}.Release|Any CPU.ActiveCfg = Release|Any CPU
		{604C06F9-0125-43F0-948B-AB1656994237}.Release|Any CPU.Build.0 = Release|Any CPU
		{56A10505-163A-4DC0-BE25-D3BF5AFE3DCB}.Debug|Any CPU.ActiveCfg = Debug|Any CPU
		{56A10505-163A-4DC0-BE25-D3BF5AFE3DCB}.Debug|Any CPU.Build.0 = Debug|Any CPU
		{56A10505-163A-4DC0-BE25-D3BF5AFE3DCB}.Release|Any CPU.ActiveCfg = Release|Any CPU
		{56A10505-163A-4DC0-BE25-D3BF5AFE3DCB}.Release|Any CPU.Build.0 = Release|Any CPU
	EndGlobalSection
	GlobalSection(SolutionProperties) = preSolution
		HideSolutionNode = FALSE
	EndGlobalSection
	GlobalSection(ExtensibilityGlobals) = postSolution
		SolutionGuid = {AF9A3ACB-9C5A-4D9B-9003-71F54CEBC793}
	EndGlobalSection
EndGlobal
